
Microsoft Visual Studio Solution File, Format Version 12.00
# Visual Studio Version 17
VisualStudioVersion = 17.1.32210.238
MinimumVisualStudioVersion = 10.0.40219.1
Project("{8BC9CEB8-8B4A-11D0-8D11-00A0C91BC942}") = "String_", "String_\String_.vcxproj", "{4940CF9E-2895-4CB9-B606-B41EEA26A775}"
EndProject
Global
	GlobalSection(SolutionConfigurationPlatforms) = preSolution
		Debug|x64 = Debug|x64
		Debug|x86 = Debug|x86
		Release|x64 = Release|x64
		Release|x86 = Release|x86
	EndGlobalSection
	GlobalSection(ProjectConfigurationPlatforms) = postSolution
		{4940CF9E-2895-4CB9-B606-B41EEA26A775}.Debug|x64.ActiveCfg = Debug|x64
		{4940CF9E-2895-4CB9-B606-B41EEA26A775}.Debug|x64.Build.0 = Debug|x64
		{4940CF9E-2895-4CB9-B606-B41EEA26A775}.Debug|x86.ActiveCfg = Debug|Win32
		{4940CF9E-2895-4CB9-B606-B41EEA26A775}.Debug|x86.Build.0 = Debug|Win32
		{4940CF9E-2895-4CB9-B606-B41EEA26A775}.Release|x64.ActiveCfg = Release|x64
		{4940CF9E-2895-4CB9-B606-B41EEA26A775}.Release|x64.Build.0 = Release|x64
		{4940CF9E-2895-4CB9-B606-B41EEA26A775}.Release|x86.ActiveCfg = Release|Win32
		{4940CF9E-2895-4CB9-B606-B41EEA26A775}.Release|x86.Build.0 = Release|Win32
	EndGlobalSection
	GlobalSection(SolutionProperties) = preSolution
		HideSolutionNode = FALSE
	EndGlobalSection
	GlobalSection(ExtensibilityGlobals) = postSolution
		SolutionGuid = {B103D7E7-2782-4FFB-AD73-097994BD936D}
	EndGlobalSection
EndGlobal
